
Microsoft Visual Studio Solution File, Format Version 12.00
# Visual Studio 2013
VisualStudioVersion = 12.0.21005.1
MinimumVisualStudioVersion = 10.0.40219.1
Project("{FAE04EC0-301F-11D3-BF4B-00C04F79EFBC}") = "goowitter", "goowitter\goowitter.csproj", "{D175A55B-8164-4229-986D-45CD4DB62F91}"
EndProject
Project("{FAE04EC0-301F-11D3-BF4B-00C04F79EFBC}") = "Test", "Business\Test.csproj", "{DD8DF240-C3CC-48F0-83C7-AC298B7030A4}"
EndProject
Project("{FAE04EC0-301F-11D3-BF4B-00C04F79EFBC}") = "Test", "Test\Test.csproj", "{2CB1C25E-F3AE-4ADC-825C-19D6FED8CF1B}"
EndProject
Project("{2150E333-8FDC-42A3-9474-1A3956D46DE8}") = "Source", "Source", "{E0F071E6-9890-4E62-9154-AF7E113F32D0}"
EndProject
Project("{2150E333-8FDC-42A3-9474-1A3956D46DE8}") = "Data", "Data", "{602AD89A-9081-437D-9848-E7A36668B9D4}"
EndProject
Project("{2150E333-8FDC-42A3-9474-1A3956D46DE8}") = "Presentation", "Presentation", "{35AC6D34-E355-4167-AE06-B6FC51941234}"
EndProject
Project("{FAE04EC0-301F-11D3-BF4B-00C04F79EFBC}") = "Data", "DataAccessLayerTemplate\DevBridge.Templates.WebProject.Data\Data.csproj", "{0DD4F9FB-8361-4847-AA04-3FE3AFBA7C75}"
EndProject
Project("{FAE04EC0-301F-11D3-BF4B-00C04F79EFBC}") = "DataContracts", "DataAccessLayerTemplate\DevBridge.Templates.WebProject.DataContracts\DataContracts.csproj", "{A8169073-CFD3-4959-9281-B5F3E58538EB}"
EndProject
Project("{FAE04EC0-301F-11D3-BF4B-00C04F79EFBC}") = "DataEntities", "DataAccessLayerTemplate\DevBridge.Templates.WebProject.DataEntities\DataEntities.csproj", "{0048B7E5-07AC-472D-92DA-342CD9EF45D9}"
EndProject
Project("{FAE04EC0-301F-11D3-BF4B-00C04F79EFBC}") = "ConsoleApplication", "DataAccessLayerTemplate\ConsoleApplication\ConsoleApplication.csproj", "{2D81624F-5DFC-480A-8F92-99C1DAA67C3B}"
EndProject
Project("{2150E333-8FDC-42A3-9474-1A3956D46DE8}") = "Business", "Business", "{33BA8FF8-0DB6-4656-97E9-CA00D4D60D21}"
EndProject
Project("{2150E333-8FDC-42A3-9474-1A3956D46DE8}") = "Documentation", "Documentation", "{A28711CE-C5E8-403C-AF36-A5C09A5BF14C}"
	ProjectSection(SolutionItems) = preProject
		Documentation\20-21.docx = Documentation\20-21.docx
		Documentation\PackageDiagram.png = Documentation\PackageDiagram.png
		Documentation\UseCaseDiagram.png = Documentation\UseCaseDiagram.png
		Documentation\Uzduoties analize.docx = Documentation\Uzduoties analize.docx
	EndProjectSection
EndProject
Project("{2150E333-8FDC-42A3-9474-1A3956D46DE8}") = "Testing", "Testing", "{282E2DAB-C3C6-4F02-B653-5D246B3AA4B4}"
EndProject
Project("{FAE04EC0-301F-11D3-BF4B-00C04F79EFBC}") = "WebLogic", "WebLogic\WebLogic.csproj", "{AA923844-20F8-4DA4-9106-A8A89B3968C9}"
EndProject
Project("{FAE04EC0-301F-11D3-BF4B-00C04F79EFBC}") = "Services", "Services\Services.csproj", "{79DE0481-ED53-4D56-AF9C-A474D4F19392}"
EndProject
Project("{FAE04EC0-301F-11D3-BF4B-00C04F79EFBC}") = "ServiceContracts", "ServiceContracts\ServiceContracts.csproj", "{EC54E63E-4E02-4E2C-B144-B224402EE6B2}"
EndProject
Global
	GlobalSection(SolutionConfigurationPlatforms) = preSolution
		Debug|Any CPU = Debug|Any CPU
		Release|Any CPU = Release|Any CPU
	EndGlobalSection
	GlobalSection(ProjectConfigurationPlatforms) = postSolution
		{D175A55B-8164-4229-986D-45CD4DB62F91}.Debug|Any CPU.ActiveCfg = Debug|Any CPU
		{D175A55B-8164-4229-986D-45CD4DB62F91}.Debug|Any CPU.Build.0 = Debug|Any CPU
		{D175A55B-8164-4229-986D-45CD4DB62F91}.Release|Any CPU.ActiveCfg = Release|Any CPU
		{D175A55B-8164-4229-986D-45CD4DB62F91}.Release|Any CPU.Build.0 = Release|Any CPU
		{DD8DF240-C3CC-48F0-83C7-AC298B7030A4}.Debug|Any CPU.ActiveCfg = Debug|Any CPU
		{DD8DF240-C3CC-48F0-83C7-AC298B7030A4}.Debug|Any CPU.Build.0 = Debug|Any CPU
		{DD8DF240-C3CC-48F0-83C7-AC298B7030A4}.Release|Any CPU.ActiveCfg = Release|Any CPU
		{DD8DF240-C3CC-48F0-83C7-AC298B7030A4}.Release|Any CPU.Build.0 = Release|Any CPU
		{2CB1C25E-F3AE-4ADC-825C-19D6FED8CF1B}.Debug|Any CPU.ActiveCfg = Debug|Any CPU
		{2CB1C25E-F3AE-4ADC-825C-19D6FED8CF1B}.Debug|Any CPU.Build.0 = Debug|Any CPU
		{2CB1C25E-F3AE-4ADC-825C-19D6FED8CF1B}.Release|Any CPU.ActiveCfg = Release|Any CPU
		{2CB1C25E-F3AE-4ADC-825C-19D6FED8CF1B}.Release|Any CPU.Build.0 = Release|Any CPU
		{0DD4F9FB-8361-4847-AA04-3FE3AFBA7C75}.Debug|Any CPU.ActiveCfg = Debug|Any CPU
		{0DD4F9FB-8361-4847-AA04-3FE3AFBA7C75}.Debug|Any CPU.Build.0 = Debug|Any CPU
		{0DD4F9FB-8361-4847-AA04-3FE3AFBA7C75}.Release|Any CPU.ActiveCfg = Release|Any CPU
		{0DD4F9FB-8361-4847-AA04-3FE3AFBA7C75}.Release|Any CPU.Build.0 = Release|Any CPU
		{A8169073-CFD3-4959-9281-B5F3E58538EB}.Debug|Any CPU.ActiveCfg = Debug|Any CPU
		{A8169073-CFD3-4959-9281-B5F3E58538EB}.Debug|Any CPU.Build.0 = Debug|Any CPU
		{A8169073-CFD3-4959-9281-B5F3E58538EB}.Release|Any CPU.ActiveCfg = Release|Any CPU
		{A8169073-CFD3-4959-9281-B5F3E58538EB}.Release|Any CPU.Build.0 = Release|Any CPU
		{0048B7E5-07AC-472D-92DA-342CD9EF45D9}.Debug|Any CPU.ActiveCfg = Debug|Any CPU
		{0048B7E5-07AC-472D-92DA-342CD9EF45D9}.Debug|Any CPU.Build.0 = Debug|Any CPU
		{0048B7E5-07AC-472D-92DA-342CD9EF45D9}.Release|Any CPU.ActiveCfg = Release|Any CPU
		{0048B7E5-07AC-472D-92DA-342CD9EF45D9}.Release|Any CPU.Build.0 = Release|Any CPU
		{2D81624F-5DFC-480A-8F92-99C1DAA67C3B}.Debug|Any CPU.ActiveCfg = Debug|Any CPU
		{2D81624F-5DFC-480A-8F92-99C1DAA67C3B}.Debug|Any CPU.Build.0 = Debug|Any CPU
		{2D81624F-5DFC-480A-8F92-99C1DAA67C3B}.Release|Any CPU.ActiveCfg = Release|Any CPU
		{2D81624F-5DFC-480A-8F92-99C1DAA67C3B}.Release|Any CPU.Build.0 = Release|Any CPU
		{AA923844-20F8-4DA4-9106-A8A89B3968C9}.Debug|Any CPU.ActiveCfg = Debug|Any CPU
		{AA923844-20F8-4DA4-9106-A8A89B3968C9}.Debug|Any CPU.Build.0 = Debug|Any CPU
		{AA923844-20F8-4DA4-9106-A8A89B3968C9}.Release|Any CPU.ActiveCfg = Release|Any CPU
		{AA923844-20F8-4DA4-9106-A8A89B3968C9}.Release|Any CPU.Build.0 = Release|Any CPU
		{79DE0481-ED53-4D56-AF9C-A474D4F19392}.Debug|Any CPU.ActiveCfg = Debug|Any CPU
		{79DE0481-ED53-4D56-AF9C-A474D4F19392}.Debug|Any CPU.Build.0 = Debug|Any CPU
		{79DE0481-ED53-4D56-AF9C-A474D4F19392}.Release|Any CPU.ActiveCfg = Release|Any CPU
		{79DE0481-ED53-4D56-AF9C-A474D4F19392}.Release|Any CPU.Build.0 = Release|Any CPU
		{EC54E63E-4E02-4E2C-B144-B224402EE6B2}.Debug|Any CPU.ActiveCfg = Debug|Any CPU
		{EC54E63E-4E02-4E2C-B144-B224402EE6B2}.Debug|Any CPU.Build.0 = Debug|Any CPU
		{EC54E63E-4E02-4E2C-B144-B224402EE6B2}.Release|Any CPU.ActiveCfg = Release|Any CPU
		{EC54E63E-4E02-4E2C-B144-B224402EE6B2}.Release|Any CPU.Build.0 = Release|Any CPU
	EndGlobalSection
	GlobalSection(SolutionProperties) = preSolution
		HideSolutionNode = FALSE
	EndGlobalSection
	GlobalSection(NestedProjects) = preSolution
		{602AD89A-9081-437D-9848-E7A36668B9D4} = {E0F071E6-9890-4E62-9154-AF7E113F32D0}
		{35AC6D34-E355-4167-AE06-B6FC51941234} = {E0F071E6-9890-4E62-9154-AF7E113F32D0}
		{33BA8FF8-0DB6-4656-97E9-CA00D4D60D21} = {E0F071E6-9890-4E62-9154-AF7E113F32D0}
		{0DD4F9FB-8361-4847-AA04-3FE3AFBA7C75} = {602AD89A-9081-437D-9848-E7A36668B9D4}
		{A8169073-CFD3-4959-9281-B5F3E58538EB} = {602AD89A-9081-437D-9848-E7A36668B9D4}
		{0048B7E5-07AC-472D-92DA-342CD9EF45D9} = {602AD89A-9081-437D-9848-E7A36668B9D4}
		{2D81624F-5DFC-480A-8F92-99C1DAA67C3B} = {35AC6D34-E355-4167-AE06-B6FC51941234}
		{D175A55B-8164-4229-986D-45CD4DB62F91} = {35AC6D34-E355-4167-AE06-B6FC51941234}
		{AA923844-20F8-4DA4-9106-A8A89B3968C9} = {35AC6D34-E355-4167-AE06-B6FC51941234}
		{DD8DF240-C3CC-48F0-83C7-AC298B7030A4} = {33BA8FF8-0DB6-4656-97E9-CA00D4D60D21}
		{79DE0481-ED53-4D56-AF9C-A474D4F19392} = {33BA8FF8-0DB6-4656-97E9-CA00D4D60D21}
		{EC54E63E-4E02-4E2C-B144-B224402EE6B2} = {33BA8FF8-0DB6-4656-97E9-CA00D4D60D21}
		{2CB1C25E-F3AE-4ADC-825C-19D6FED8CF1B} = {282E2DAB-C3C6-4F02-B653-5D246B3AA4B4}
	EndGlobalSection
EndGlobal
